
Microsoft Visual Studio Solution File, Format Version 12.00
# Visual Studio Version 17
VisualStudioVersion = 17.4.33110.190
MinimumVisualStudioVersion = 10.0.40219.1
Project("{9A19103F-16F7-4668-BE54-9A1E7A4F7556}") = "EmprestimoLivrosNovo.Domain", "EmprestimoLivrosNovo.Domain\EmprestimoLivrosNovo.Domain.csproj", "{858071EC-6D68-43F7-8D0A-2AC997FA65F5}"
EndProject
Project("{9A19103F-16F7-4668-BE54-9A1E7A4F7556}") = "EmprestimoLivrosNovo.Infra.Data", "EmprestimoLivrosNovo.Infra.Data\EmprestimoLivrosNovo.Infra.Data.csproj", "{C4985461-D62E-4AEE-8978-9DBF58A7D392}"
EndProject
Project("{9A19103F-16F7-4668-BE54-9A1E7A4F7556}") = "EmprestimoLivrosNovo.Infra.Ioc", "EmprestimoLivrosNovo.Infra.Ioc\EmprestimoLivrosNovo.Infra.Ioc.csproj", "{F05BE203-86D5-40F4-A242-1DE14720783A}"
EndProject
Project("{9A19103F-16F7-4668-BE54-9A1E7A4F7556}") = "EmprestimoLivrosNovo.Application", "EmprestimoLivrosNovo.Application\EmprestimoLivrosNovo.Application.csproj", "{12444520-876E-40E6-AB5A-8F0771310D05}"
EndProject
Project("{FAE04EC0-301F-11D3-BF4B-00C04F79EFBC}") = "EmprestimoLivrosNovo.API", "EmprestimoLivrosNovo.API\EmprestimoLivrosNovo.API.csproj", "{9A39A403-FA2C-4472-B92C-B822A65A6C51}"
EndProject
Global
	GlobalSection(SolutionConfigurationPlatforms) = preSolution
		Debug|Any CPU = Debug|Any CPU
		Release|Any CPU = Release|Any CPU
	EndGlobalSection
	GlobalSection(ProjectConfigurationPlatforms) = postSolution
		{858071EC-6D68-43F7-8D0A-2AC997FA65F5}.Debug|Any CPU.ActiveCfg = Debug|Any CPU
		{858071EC-6D68-43F7-8D0A-2AC997FA65F5}.Debug|Any CPU.Build.0 = Debug|Any CPU
		{858071EC-6D68-43F7-8D0A-2AC997FA65F5}.Release|Any CPU.ActiveCfg = Release|Any CPU
		{858071EC-6D68-43F7-8D0A-2AC997FA65F5}.Release|Any CPU.Build.0 = Release|Any CPU
		{C4985461-D62E-4AEE-8978-9DBF58A7D392}.Debug|Any CPU.ActiveCfg = Debug|Any CPU
		{C4985461-D62E-4AEE-8978-9DBF58A7D392}.Debug|Any CPU.Build.0 = Debug|Any CPU
		{C4985461-D62E-4AEE-8978-9DBF58A7D392}.Release|Any CPU.ActiveCfg = Release|Any CPU
		{C4985461-D62E-4AEE-8978-9DBF58A7D392}.Release|Any CPU.Build.0 = Release|Any CPU
		{F05BE203-86D5-40F4-A242-1DE14720783A}.Debug|Any CPU.ActiveCfg = Debug|Any CPU
		{F05BE203-86D5-40F4-A242-1DE14720783A}.Debug|Any CPU.Build.0 = Debug|Any CPU
		{F05BE203-86D5-40F4-A242-1DE14720783A}.Release|Any CPU.ActiveCfg = Release|Any CPU
		{F05BE203-86D5-40F4-A242-1DE14720783A}.Release|Any CPU.Build.0 = Release|Any CPU
		{12444520-876E-40E6-AB5A-8F0771310D05}.Debug|Any CPU.ActiveCfg = Debug|Any CPU
		{12444520-876E-40E6-AB5A-8F0771310D05}.Debug|Any CPU.Build.0 = Debug|Any CPU
		{12444520-876E-40E6-AB5A-8F0771310D05}.Release|Any CPU.ActiveCfg = Release|Any CPU
		{12444520-876E-40E6-AB5A-8F0771310D05}.Release|Any CPU.Build.0 = Release|Any CPU
		{9A39A403-FA2C-4472-B92C-B822A65A6C51}.Debug|Any CPU.ActiveCfg = Debug|Any CPU
		{9A39A403-FA2C-4472-B92C-B822A65A6C51}.Debug|Any CPU.Build.0 = Debug|Any CPU
		{9A39A403-FA2C-4472-B92C-B822A65A6C51}.Release|Any CPU.ActiveCfg = Release|Any CPU
		{9A39A403-FA2C-4472-B92C-B822A65A6C51}.Release|Any CPU.Build.0 = Release|Any CPU
	EndGlobalSection
	GlobalSection(SolutionProperties) = preSolution
		HideSolutionNode = FALSE
	EndGlobalSection
	GlobalSection(ExtensibilityGlobals) = postSolution
		SolutionGuid = {B3FD3ED0-E0B0-4EEC-83C9-E47BF1862152}
	EndGlobalSection
EndGlobal
